{
  "version": 4,
  "terraform_version": "1.5.2",
  "serial": 3,
  "lineage": "11fd4466-a354-4ea5-e177-d813d2635d99",
  "outputs": {},
  "resources": [
    {
      "mode": "managed",
      "type": "helm_release",
      "name": "datadog_agent",
      "provider": "provider[\"registry.terraform.io/hashicorp/helm\"]",
      "instances": [
        {
          "schema_version": 1,
          "attributes": {
            "atomic": false,
            "chart": "datadog",
            "cleanup_on_fail": false,
            "create_namespace": false,
            "dependency_update": false,
            "description": null,
            "devel": null,
            "disable_crd_hooks": false,
            "disable_openapi_validation": false,
            "disable_webhooks": false,
            "force_update": false,
            "id": "datadog",
            "keyring": null,
            "lint": false,
            "manifest": null,
            "max_history": 0,
            "metadata": [
              {
                "app_version": "7",
                "chart": "datadog",
                "name": "datadog",
                "namespace": "default",
                "revision": 1,
                "values": "{\"datadog\":{\"apiKeyExistingSecret\":\"(sensitive value)\",\"appKey\":\"(sensitive value)\",\"clusterName\":\"terrablecluster\",\"kubelet\":{\"tlsVerify\":false},\"logs\":{\"containerCollectAll\":true,\"containerCollectUsingFiles\":true,\"enabled\":true},\"podAnnotationsAsTags\":\"instrumentation.opentelemetry.io/inject-java: iotel_enable\",\"tags\":[\"terraform:sandbox\"]}}",
                "version": "3.27.0"
              }
            ],
            "name": "datadog",
            "namespace": "default",
            "pass_credentials": false,
            "postrender": [],
            "recreate_pods": false,
            "render_subchart_notes": true,
            "replace": false,
            "repository": "https://helm.datadoghq.com",
            "repository_ca_file": null,
            "repository_cert_file": null,
            "repository_key_file": null,
            "repository_password": null,
            "repository_username": null,
            "reset_values": false,
            "reuse_values": false,
            "set": [
              {
                "name": "datadog.clusterName",
                "type": "",
                "value": "terrablecluster"
              },
              {
                "name": "datadog.kubelet.tlsVerify",
                "type": "",
                "value": "false"
              },
              {
                "name": "datadog.logs.containerCollectAll",
                "type": "",
                "value": "true"
              },
              {
                "name": "datadog.logs.containerCollectUsingFiles",
                "type": "",
                "value": "true"
              },
              {
                "name": "datadog.logs.enabled",
                "type": "",
                "value": "true"
              },
              {
                "name": "datadog.podAnnotationsAsTags",
                "type": "",
                "value": "instrumentation.opentelemetry.io/inject-java: iotel_enable"
              },
              {
                "name": "datadog.tags[0]",
                "type": "",
                "value": "terraform:sandbox"
              }
            ],
            "set_sensitive": [
              {
                "name": "datadog.apiKeyExistingSecret",
                "type": "",
                "value": "datadog-agent"
              },
              {
                "name": "datadog.appKey",
                "type": "",
                "value": "<MY_APP_KEY>"
              }
            ],
            "skip_crds": false,
            "status": "deployed",
            "timeout": 300,
            "values": null,
            "verify": false,
            "version": "3.27.0",
            "wait": true,
            "wait_for_jobs": false
          },
          "sensitive_attributes": [],
          "private": "eyJzY2hlbWFfdmVyc2lvbiI6IjEifQ=="
        }
      ]
    }
  ],
  "check_results": null
}
